
Microsoft Visual Studio Solution File, Format Version 12.00
# Visual Studio Version 17
VisualStudioVersion = 17.0.31903.59
MinimumVisualStudioVersion = 10.0.40219.1
Project("{FAE04EC0-301F-11D3-BF4B-00C04F79EFBC}") = "CompositeSpecificationDemo", "CompositeSpecificationDemo\CompositeSpecificationDemo.csproj", "{3AEA743C-FA73-4F09-8680-DED4212AF5A3}"
EndProject
Project("{FAE04EC0-301F-11D3-BF4B-00C04F79EFBC}") = "TestProject1", "TestProject1\TestProject1.csproj", "{F3D97B5A-3C1B-4DCE-848D-45DFB5CFAB37}"
EndProject
Project("{FAE04EC0-301F-11D3-BF4B-00C04F79EFBC}") = "ClassLibrary1", "ClassLibrary1\ClassLibrary1.csproj", "{1677C6CC-222D-43C8-A52F-610A0C71B539}"
EndProject
Project("{FAE04EC0-301F-11D3-BF4B-00C04F79EFBC}") = "MultiPapleDispache", "MultiPapleDispache\MultiPapleDispache.csproj", "{767B2AC9-E319-498B-8DB1-A4D217940439}"
EndProject
Project("{FAE04EC0-301F-11D3-BF4B-00C04F79EFBC}") = "Visitor", "Visitor\Visitor.csproj", "{7C5B51B3-B768-4CD2-9272-655C6AE84F9F}"
EndProject
Project("{FAE04EC0-301F-11D3-BF4B-00C04F79EFBC}") = "StrategyiDesign", "StrategyiDesign\StrategyiDesign.csproj", "{92B9810B-9422-4722-B3E9-99C932A1D62E}"
EndProject
Project("{FAE04EC0-301F-11D3-BF4B-00C04F79EFBC}") = "SortiDesign", "SortiDesign\SortiDesign.csproj", "{5BE13816-2284-4185-A335-143B8B83FBA1}"
EndProject
Project("{FAE04EC0-301F-11D3-BF4B-00C04F79EFBC}") = "strategyDesingPatterns", "strategyDesingPatterns\strategyDesingPatterns.csproj", "{133B89C8-23B1-49F7-8910-DB4A878B171F}"
EndProject
Project("{FAE04EC0-301F-11D3-BF4B-00C04F79EFBC}") = "AdapterSample", "AdapterSample\AdapterSample.csproj", "{00B43709-5008-48F3-8DDE-0D6D8F1A8715}"
EndProject
Project("{FAE04EC0-301F-11D3-BF4B-00C04F79EFBC}") = "Iterator", "Iterator\Iterator.csproj", "{0CC5B623-853D-4EB5-84BB-0DAFE1C08C28}"
EndProject
Project("{FAE04EC0-301F-11D3-BF4B-00C04F79EFBC}") = "CompositeSpecification", "CompositeSpecification\CompositeSpecification.csproj", "{D059A223-A092-4AC6-BF96-50AF30A95CC4}"
EndProject
Project("{FAE04EC0-301F-11D3-BF4B-00C04F79EFBC}") = "CompositeSpecificationv2", "CompositeSpecificationv2\CompositeSpecificationv2.csproj", "{71C42459-6AFB-484E-B0B4-54E924D10A4B}"
EndProject
Project("{FAE04EC0-301F-11D3-BF4B-00C04F79EFBC}") = "StatePatterns", "StatePatterns\StatePatterns.csproj", "{C0DDE7A0-8C56-42C4-A443-9ABF339FCF68}"
EndProject
Global
	GlobalSection(SolutionConfigurationPlatforms) = preSolution
		Debug|Any CPU = Debug|Any CPU
		Release|Any CPU = Release|Any CPU
	EndGlobalSection
	GlobalSection(SolutionProperties) = preSolution
		HideSolutionNode = FALSE
	EndGlobalSection
	GlobalSection(ProjectConfigurationPlatforms) = postSolution
		{3AEA743C-FA73-4F09-8680-DED4212AF5A3}.Debug|Any CPU.ActiveCfg = Debug|Any CPU
		{3AEA743C-FA73-4F09-8680-DED4212AF5A3}.Debug|Any CPU.Build.0 = Debug|Any CPU
		{3AEA743C-FA73-4F09-8680-DED4212AF5A3}.Release|Any CPU.ActiveCfg = Release|Any CPU
		{3AEA743C-FA73-4F09-8680-DED4212AF5A3}.Release|Any CPU.Build.0 = Release|Any CPU
		{F3D97B5A-3C1B-4DCE-848D-45DFB5CFAB37}.Debug|Any CPU.ActiveCfg = Debug|Any CPU
		{F3D97B5A-3C1B-4DCE-848D-45DFB5CFAB37}.Debug|Any CPU.Build.0 = Debug|Any CPU
		{F3D97B5A-3C1B-4DCE-848D-45DFB5CFAB37}.Release|Any CPU.ActiveCfg = Release|Any CPU
		{F3D97B5A-3C1B-4DCE-848D-45DFB5CFAB37}.Release|Any CPU.Build.0 = Release|Any CPU
		{1677C6CC-222D-43C8-A52F-610A0C71B539}.Debug|Any CPU.ActiveCfg = Debug|Any CPU
		{1677C6CC-222D-43C8-A52F-610A0C71B539}.Debug|Any CPU.Build.0 = Debug|Any CPU
		{1677C6CC-222D-43C8-A52F-610A0C71B539}.Release|Any CPU.ActiveCfg = Release|Any CPU
		{1677C6CC-222D-43C8-A52F-610A0C71B539}.Release|Any CPU.Build.0 = Release|Any CPU
		{767B2AC9-E319-498B-8DB1-A4D217940439}.Debug|Any CPU.ActiveCfg = Debug|Any CPU
		{767B2AC9-E319-498B-8DB1-A4D217940439}.Debug|Any CPU.Build.0 = Debug|Any CPU
		{767B2AC9-E319-498B-8DB1-A4D217940439}.Release|Any CPU.ActiveCfg = Release|Any CPU
		{767B2AC9-E319-498B-8DB1-A4D217940439}.Release|Any CPU.Build.0 = Release|Any CPU
		{7C5B51B3-B768-4CD2-9272-655C6AE84F9F}.Debug|Any CPU.ActiveCfg = Debug|Any CPU
		{7C5B51B3-B768-4CD2-9272-655C6AE84F9F}.Debug|Any CPU.Build.0 = Debug|Any CPU
		{7C5B51B3-B768-4CD2-9272-655C6AE84F9F}.Release|Any CPU.ActiveCfg = Release|Any CPU
		{7C5B51B3-B768-4CD2-9272-655C6AE84F9F}.Release|Any CPU.Build.0 = Release|Any CPU
		{92B9810B-9422-4722-B3E9-99C932A1D62E}.Debug|Any CPU.ActiveCfg = Debug|Any CPU
		{92B9810B-9422-4722-B3E9-99C932A1D62E}.Debug|Any CPU.Build.0 = Debug|Any CPU
		{92B9810B-9422-4722-B3E9-99C932A1D62E}.Release|Any CPU.ActiveCfg = Release|Any CPU
		{92B9810B-9422-4722-B3E9-99C932A1D62E}.Release|Any CPU.Build.0 = Release|Any CPU
		{5BE13816-2284-4185-A335-143B8B83FBA1}.Debug|Any CPU.ActiveCfg = Debug|Any CPU
		{5BE13816-2284-4185-A335-143B8B83FBA1}.Debug|Any CPU.Build.0 = Debug|Any CPU
		{5BE13816-2284-4185-A335-143B8B83FBA1}.Release|Any CPU.ActiveCfg = Release|Any CPU
		{5BE13816-2284-4185-A335-143B8B83FBA1}.Release|Any CPU.Build.0 = Release|Any CPU
		{133B89C8-23B1-49F7-8910-DB4A878B171F}.Debug|Any CPU.ActiveCfg = Debug|Any CPU
		{133B89C8-23B1-49F7-8910-DB4A878B171F}.Debug|Any CPU.Build.0 = Debug|Any CPU
		{133B89C8-23B1-49F7-8910-DB4A878B171F}.Release|Any CPU.ActiveCfg = Release|Any CPU
		{133B89C8-23B1-49F7-8910-DB4A878B171F}.Release|Any CPU.Build.0 = Release|Any CPU
		{00B43709-5008-48F3-8DDE-0D6D8F1A8715}.Debug|Any CPU.ActiveCfg = Debug|Any CPU
		{00B43709-5008-48F3-8DDE-0D6D8F1A8715}.Debug|Any CPU.Build.0 = Debug|Any CPU
		{00B43709-5008-48F3-8DDE-0D6D8F1A8715}.Release|Any CPU.ActiveCfg = Release|Any CPU
		{00B43709-5008-48F3-8DDE-0D6D8F1A8715}.Release|Any CPU.Build.0 = Release|Any CPU
		{0CC5B623-853D-4EB5-84BB-0DAFE1C08C28}.Debug|Any CPU.ActiveCfg = Debug|Any CPU
		{0CC5B623-853D-4EB5-84BB-0DAFE1C08C28}.Debug|Any CPU.Build.0 = Debug|Any CPU
		{0CC5B623-853D-4EB5-84BB-0DAFE1C08C28}.Release|Any CPU.ActiveCfg = Release|Any CPU
		{0CC5B623-853D-4EB5-84BB-0DAFE1C08C28}.Release|Any CPU.Build.0 = Release|Any CPU
		{D059A223-A092-4AC6-BF96-50AF30A95CC4}.Debug|Any CPU.ActiveCfg = Debug|Any CPU
		{D059A223-A092-4AC6-BF96-50AF30A95CC4}.Debug|Any CPU.Build.0 = Debug|Any CPU
		{D059A223-A092-4AC6-BF96-50AF30A95CC4}.Release|Any CPU.ActiveCfg = Release|Any CPU
		{D059A223-A092-4AC6-BF96-50AF30A95CC4}.Release|Any CPU.Build.0 = Release|Any CPU
		{71C42459-6AFB-484E-B0B4-54E924D10A4B}.Debug|Any CPU.ActiveCfg = Debug|Any CPU
		{71C42459-6AFB-484E-B0B4-54E924D10A4B}.Debug|Any CPU.Build.0 = Debug|Any CPU
		{71C42459-6AFB-484E-B0B4-54E924D10A4B}.Release|Any CPU.ActiveCfg = Release|Any CPU
		{71C42459-6AFB-484E-B0B4-54E924D10A4B}.Release|Any CPU.Build.0 = Release|Any CPU
		{C0DDE7A0-8C56-42C4-A443-9ABF339FCF68}.Debug|Any CPU.ActiveCfg = Debug|Any CPU
		{C0DDE7A0-8C56-42C4-A443-9ABF339FCF68}.Debug|Any CPU.Build.0 = Debug|Any CPU
		{C0DDE7A0-8C56-42C4-A443-9ABF339FCF68}.Release|Any CPU.ActiveCfg = Release|Any CPU
		{C0DDE7A0-8C56-42C4-A443-9ABF339FCF68}.Release|Any CPU.Build.0 = Release|Any CPU
	EndGlobalSection
EndGlobal
